
Microsoft Visual Studio Solution File, Format Version 12.00
# Visual Studio 15
VisualStudioVersion = 15.0.27130.2027
MinimumVisualStudioVersion = 10.0.40219.1
Project("{9A19103F-16F7-4668-BE54-9A1E7A4F7556}") = "SportsStore", "SportsStore\SportsStore.csproj", "{D2F0C242-98D3-4DB2-A379-82A202986825}"
EndProject
Project("{9A19103F-16F7-4668-BE54-9A1E7A4F7556}") = "SportsStore.Tests", "SportsStore.Tests\SportsStore.Tests.csproj", "{5C38AFFF-D267-4BAE-8B80-92ACFE359D18}"
EndProject
Global
	GlobalSection(SolutionConfigurationPlatforms) = preSolution
		Debug|Any CPU = Debug|Any CPU
		Release|Any CPU = Release|Any CPU
	EndGlobalSection
	GlobalSection(ProjectConfigurationPlatforms) = postSolution
		{D2F0C242-98D3-4DB2-A379-82A202986825}.Debug|Any CPU.ActiveCfg = Debug|Any CPU
		{D2F0C242-98D3-4DB2-A379-82A202986825}.Debug|Any CPU.Build.0 = Debug|Any CPU
		{D2F0C242-98D3-4DB2-A379-82A202986825}.Release|Any CPU.ActiveCfg = Release|Any CPU
		{D2F0C242-98D3-4DB2-A379-82A202986825}.Release|Any CPU.Build.0 = Release|Any CPU
		{5C38AFFF-D267-4BAE-8B80-92ACFE359D18}.Debug|Any CPU.ActiveCfg = Debug|Any CPU
		{5C38AFFF-D267-4BAE-8B80-92ACFE359D18}.Debug|Any CPU.Build.0 = Debug|Any CPU
		{5C38AFFF-D267-4BAE-8B80-92ACFE359D18}.Release|Any CPU.ActiveCfg = Release|Any CPU
		{5C38AFFF-D267-4BAE-8B80-92ACFE359D18}.Release|Any CPU.Build.0 = Release|Any CPU
	EndGlobalSection
	GlobalSection(SolutionProperties) = preSolution
		HideSolutionNode = FALSE
	EndGlobalSection
	GlobalSection(ExtensibilityGlobals) = postSolution
		SolutionGuid = {5379F28D-8410-437E-B2ED-1E4EAE170732}
	EndGlobalSection
EndGlobal
